{
    "name": "REST",
    "lockfileVersion": 2,
    "requires": true,
    "packages": {
        "": {
            "dependencies": {
                "koa": "^2.5.2",
                "koa-bodyparser": "4.3.0",
                "koa-router": "7.0.0"
            }
        },
        "node_modules/accepts": {
            "version": "1.3.5",
            "resolved": "https://registry.npmjs.org/accepts/-/accepts-1.3.5.tgz",
            "integrity": "sha1-63d99gEXI6OxTopywIBcjoZ0a9I=",
            "dependencies": {
                "mime-types": "~2.1.18",
                "negotiator": "0.6.1"
            },
            "engines": {
                "node": ">= 0.6"
            }
        },
        "node_modules/any-promise": {
            "version": "1.3.0",
            "resolved": "https://registry.npmjs.org/any-promise/-/any-promise-1.3.0.tgz",
            "integrity": "sha1-q8av7tzqUugJzcA3au0845Y10X8="
        },
        "node_modules/bytes": {
            "version": "3.1.2",
            "resolved": "https://registry.npmjs.org/bytes/-/bytes-3.1.2.tgz",
            "integrity": "sha512-/Nf7TyzTx6S3yRJObOAV7956r8cr2+Oj8AC5dt8wSP3BQAoeX58NoHyCU8P8zGkNXStjTSi6fzO6F0pBdcYbEg==",
            "engines": {
                "node": ">= 0.8"
            }
        },
        "node_modules/cache-content-type": {
            "version": "1.0.1",
            "resolved": "https://registry.npmjs.org/cache-content-type/-/cache-content-type-1.0.1.tgz",
            "integrity": "sha512-IKufZ1o4Ut42YUrZSo8+qnMTrFuKkvyoLXUywKz9GJ5BrhOFGhLdkx9sG4KAnVvbY6kEcSFjLQul+DVmBm2bgA==",
            "dependencies": {
                "mime-types": "^2.1.18",
                "ylru": "^1.2.0"
            },
            "engines": {
                "node": ">= 6.0.0"
            }
        },
        "node_modules/call-bind": {
            "version": "1.0.2",
            "resolved": "https://registry.npmjs.org/call-bind/-/call-bind-1.0.2.tgz",
            "integrity": "sha512-7O+FbCihrB5WGbFYesctwmTKae6rOiIzmz1icreWJ+0aA7LJfuqhEso2T9ncpcFtzMQtzXf2QGGueWJGTYsqrA==",
            "dependencies": {
                "function-bind": "^1.1.1",
                "get-intrinsic": "^1.0.2"
            },
            "funding": {
                "url": "https://github.com/sponsors/ljharb"
            }
        },
        "node_modules/co": {
            "version": "4.6.0",
            "resolved": "https://registry.npmjs.org/co/-/co-4.6.0.tgz",
            "integrity": "sha1-bqa989hTrlTMuOR7+gvz+QMfsYQ=",
            "engines": {
                "iojs": ">= 1.0.0",
                "node": ">= 0.12.0"
            }
        },
        "node_modules/co-body": {
            "version": "6.1.0",
            "resolved": "https://registry.npmjs.org/co-body/-/co-body-6.1.0.tgz",
            "integrity": "sha512-m7pOT6CdLN7FuXUcpuz/8lfQ/L77x8SchHCF4G0RBTJO20Wzmhn5Sp4/5WsKy8OSpifBSUrmg83qEqaDHdyFuQ==",
            "dependencies": {
                "inflation": "^2.0.0",
                "qs": "^6.5.2",
                "raw-body": "^2.3.3",
                "type-is": "^1.6.16"
            }
        },
        "node_modules/content-disposition": {
            "version": "0.5.2",
            "resolved": "https://registry.npmjs.org/content-disposition/-/content-disposition-0.5.2.tgz",
            "integrity": "sha1-DPaLud318r55YcOoUXjLhdunjLQ=",
            "engines": {
                "node": ">= 0.6"
            }
        },
        "node_modules/content-type": {
            "version": "1.0.4",
            "resolved": "https://registry.npmjs.org/content-type/-/content-type-1.0.4.tgz",
            "integrity": "sha512-hIP3EEPs8tB9AT1L+NUqtwOAps4mk2Zob89MWXMHjHWg9milF/j4osnnQLXBCBFBk/tvIG/tUc9mOUJiPBhPXA==",
            "engines": {
                "node": ">= 0.6"
            }
        },
        "node_modules/cookies": {
            "version": "0.7.1",
            "resolved": "https://registry.npmjs.org/cookies/-/cookies-0.7.1.tgz",
            "integrity": "sha1-fIphX1SBxhq58WyDNzG8uPZjuZs=",
            "dependencies": {
                "depd": "~1.1.1",
                "keygrip": "~1.0.2"
            },
            "engines": {
                "node": ">= 0.8"
            }
        },
        "node_modules/copy-to": {
            "version": "2.0.1",
            "resolved": "https://registry.npmjs.org/copy-to/-/copy-to-2.0.1.tgz",
            "integrity": "sha512-3DdaFaU/Zf1AnpLiFDeNCD4TOWe3Zl2RZaTzUvWiIk5ERzcCodOE20Vqq4fzCbNoHURFHT4/us/Lfq+S2zyY4w=="
        },
        "node_modules/debug": {
            "version": "3.1.0",
            "resolved": "https://registry.npmjs.org/debug/-/debug-3.1.0.tgz",
            "integrity": "sha512-OX8XqP7/1a9cqkxYw2yXss15f26NKWBpDXQd0/uK/KPqdQhxbPa994hnzjcE2VqQpDslf55723cKPUOGSmMY3g==",
            "dependencies": {
                "ms": "2.0.0"
            }
        },
        "node_modules/deep-equal": {
            "version": "1.0.1",
            "resolved": "https://registry.npmjs.org/deep-equal/-/deep-equal-1.0.1.tgz",
            "integrity": "sha1-9dJgKStmDghO/0zbyfCK0yR0SLU="
        },
        "node_modules/delegates": {
            "version": "1.0.0",
            "resolved": "https://registry.npmjs.org/delegates/-/delegates-1.0.0.tgz",
            "integrity": "sha1-hMbhWbgZBP3KWaDvRM2HDTElD5o="
        },
        "node_modules/depd": {
            "version": "1.1.2",
            "resolved": "https://registry.npmjs.org/depd/-/depd-1.1.2.tgz",
            "integrity": "sha1-m81S4UwJd2PnSbJ0xDRu0uVgtak=",
            "engines": {
                "node": ">= 0.6"
            }
        },
        "node_modules/destroy": {
            "version": "1.0.4",
            "resolved": "https://registry.npmjs.org/destroy/-/destroy-1.0.4.tgz",
            "integrity": "sha1-l4hXRCxEdJ5CBmE+N5RiBYJqvYA="
        },
        "node_modules/ee-first": {
            "version": "1.1.1",
            "resolved": "https://registry.npmjs.org/ee-first/-/ee-first-1.1.1.tgz",
            "integrity": "sha1-WQxhFWsK4vTwJVcyoViyZrxWsh0="
        },
        "node_modules/error-inject": {
            "version": "1.0.0",
            "resolved": "https://registry.npmjs.org/error-inject/-/error-inject-1.0.0.tgz",
            "integrity": "sha1-4rPZG1Su1nLzCdlQ0VSFD6EdTzc="
        },
        "node_modules/escape-html": {
            "version": "1.0.3",
            "resolved": "https://registry.npmjs.org/escape-html/-/escape-html-1.0.3.tgz",
            "integrity": "sha1-Aljq5NPQwJdN4cFpGI7wBR0dGYg="
        },
        "node_modules/fresh": {
            "version": "0.5.2",
            "resolved": "https://registry.npmjs.org/fresh/-/fresh-0.5.2.tgz",
            "integrity": "sha1-PYyt2Q2XZWn6g1qx+OSyOhBWBac=",
            "engines": {
                "node": ">= 0.6"
            }
        },
        "node_modules/function-bind": {
            "version": "1.1.1",
            "resolved": "https://registry.npmjs.org/function-bind/-/function-bind-1.1.1.tgz",
            "integrity": "sha512-yIovAzMX49sF8Yl58fSCWJ5svSLuaibPxXQJFLmBObTuCr0Mf1KiPopGM9NiFjiYBCbfaa2Fh6breQ6ANVTI0A=="
        },
        "node_modules/get-intrinsic": {
            "version": "1.1.3",
            "resolved": "https://registry.npmjs.org/get-intrinsic/-/get-intrinsic-1.1.3.tgz",
            "integrity": "sha512-QJVz1Tj7MS099PevUG5jvnt9tSkXN8K14dxQlikJuPt4uD9hHAHjLyLBiLR5zELelBdD9QNRAXZzsJx0WaDL9A==",
            "dependencies": {
                "function-bind": "^1.1.1",
                "has": "^1.0.3",
                "has-symbols": "^1.0.3"
            },
            "funding": {
                "url": "https://github.com/sponsors/ljharb"
            }
        },
        "node_modules/has": {
            "version": "1.0.3",
            "resolved": "https://registry.npmjs.org/has/-/has-1.0.3.tgz",
            "integrity": "sha512-f2dvO0VU6Oej7RkWJGrehjbzMAjFp5/VKPp5tTpWIV4JHHZK1/BxbFRtf/siA2SWTe09caDmVtYYzWEIbBS4zw==",
            "dependencies": {
                "function-bind": "^1.1.1"
            },
            "engines": {
                "node": ">= 0.4.0"
            }
        },
        "node_modules/has-symbols": {
            "version": "1.0.3",
            "resolved": "https://registry.npmjs.org/has-symbols/-/has-symbols-1.0.3.tgz",
            "integrity": "sha512-l3LCuF6MgDNwTDKkdYGEihYjt5pRPbEg46rtlmnSPlUbgmB8LOIrKJbYYFBSbnPaJexMKtiPO8hmeRjRz2Td+A==",
            "engines": {
                "node": ">= 0.4"
            },
            "funding": {
                "url": "https://github.com/sponsors/ljharb"
            }
        },
        "node_modules/http-assert": {
            "version": "1.3.0",
            "resolved": "https://registry.npmjs.org/http-assert/-/http-assert-1.3.0.tgz",
            "integrity": "sha1-oxpc+IyHPsu1eWkH1NbxMujAHko=",
            "dependencies": {
                "deep-equal": "~1.0.1",
                "http-errors": "~1.6.1"
            },
            "engines": {
                "node": ">= 0.8"
            }
        },
        "node_modules/http-assert/node_modules/http-errors": {
            "version": "1.6.3",
            "resolved": "https://registry.npmjs.org/http-errors/-/http-errors-1.6.3.tgz",
            "integrity": "sha1-i1VoC7S+KDoLW/TqLjhYC+HZMg0=",
            "dependencies": {
                "depd": "~1.1.2",
                "inherits": "2.0.3",
                "setprototypeof": "1.1.0",
                "statuses": ">= 1.4.0 < 2"
            },
            "engines": {
                "node": ">= 0.6"
            }
        },
        "node_modules/http-errors": {
            "version": "1.7.0",
            "resolved": "https://registry.npmjs.org/http-errors/-/http-errors-1.7.0.tgz",
            "integrity": "sha512-hz3BtSHB7Z6dNWzYc+gUbWqG4dIpJedwwOhe1cvGUq5tGmcTTIRkPiAbyh/JlZx+ksSJyGJlgcHo5jGahiXnKw==",
            "dependencies": {
                "depd": "~1.1.2",
                "inherits": "2.0.3",
                "setprototypeof": "1.1.0",
                "statuses": ">= 1.5.0 < 2",
                "toidentifier": "1.0.0"
            },
            "engines": {
                "node": ">= 0.6"
            }
        },
        "node_modules/iconv-lite": {
            "version": "0.4.24",
            "resolved": "https://registry.npmjs.org/iconv-lite/-/iconv-lite-0.4.24.tgz",
            "integrity": "sha512-v3MXnZAcvnywkTUEZomIActle7RXXeedOR31wwl7VlyoXO4Qi9arvSenNQWne1TcRwhCL1HwLI21bEqdpj8/rA==",
            "dependencies": {
                "safer-buffer": ">= 2.1.2 < 3"
            },
            "engines": {
                "node": ">=0.10.0"
            }
        },
        "node_modules/inflation": {
            "version": "2.0.0",
            "resolved": "https://registry.npmjs.org/inflation/-/inflation-2.0.0.tgz",
            "integrity": "sha512-m3xv4hJYR2oXw4o4Y5l6P5P16WYmazYof+el6Al3f+YlggGj6qT9kImBAnzDelRALnP5d3h4jGBPKzYCizjZZw==",
            "engines": {
                "node": ">= 0.8.0"
            }
        },
        "node_modules/inherits": {
            "version": "2.0.3",
            "resolved": "https://registry.npmjs.org/inherits/-/inherits-2.0.3.tgz",
            "integrity": "sha1-Yzwsg+PaQqUC9SRmAiSA9CCCYd4="
        },
        "node_modules/is-generator-function": {
            "version": "1.0.7",
            "resolved": "https://registry.npmjs.org/is-generator-function/-/is-generator-function-1.0.7.tgz",
            "integrity": "sha512-YZc5EwyO4f2kWCax7oegfuSr9mFz1ZvieNYBEjmukLxgXfBUbxAWGVF7GZf0zidYtoBl3WvC07YK0wT76a+Rtw==",
            "engines": {
                "node": ">= 0.4"
            }
        },
        "node_modules/isarray": {
            "version": "0.0.1",
            "resolved": "https://registry.npmjs.org/isarray/-/isarray-0.0.1.tgz",
            "integrity": "sha1-ihis/Kmo9Bd+Cav8YDiTmwXR7t8="
        },
        "node_modules/keygrip": {
            "version": "1.0.2",
            "resolved": "https://registry.npmjs.org/keygrip/-/keygrip-1.0.2.tgz",
            "integrity": "sha1-rTKXxVcGneqLz+ek+kkbdcXd65E=",
            "engines": {
                "node": ">= 0.6"
            }
        },
        "node_modules/koa": {
            "version": "2.5.2",
            "resolved": "https://registry.npmjs.org/koa/-/koa-2.5.2.tgz",
            "integrity": "sha512-MoVGWre9g3p35pCqXNhOT/a4trwK5CGvalIoPi7qOA2RCZaep3GCsa/G/tD9QMjQI7bmVWn3XF3SOau8RkPh6w==",
            "dependencies": {
                "accepts": "^1.3.5",
                "cache-content-type": "^1.0.0",
                "content-disposition": "~0.5.2",
                "content-type": "^1.0.4",
                "cookies": "~0.7.1",
                "debug": "^3.1.0",
                "delegates": "^1.0.0",
                "depd": "^1.1.2",
                "destroy": "^1.0.4",
                "error-inject": "^1.0.0",
                "escape-html": "^1.0.3",
                "fresh": "~0.5.2",
                "http-assert": "^1.3.0",
                "http-errors": "^1.6.3",
                "is-generator-function": "^1.0.7",
                "koa-compose": "^4.1.0",
                "koa-convert": "^1.2.0",
                "koa-is-json": "^1.0.0",
                "on-finished": "^2.3.0",
                "only": "~0.0.2",
                "parseurl": "^1.3.2",
                "statuses": "^1.5.0",
                "type-is": "^1.6.16",
                "vary": "^1.1.2"
            },
            "engines": {
                "node": "^4.8.4 || ^6.10.1 || ^7.10.1 || >= 8.1.4"
            }
        },
        "node_modules/koa-bodyparser": {
            "version": "4.3.0",
            "resolved": "https://registry.npmjs.org/koa-bodyparser/-/koa-bodyparser-4.3.0.tgz",
            "integrity": "sha512-uyV8G29KAGwZc4q/0WUAjH+Tsmuv9ImfBUF2oZVyZtaeo0husInagyn/JH85xMSxM0hEk/mbCII5ubLDuqW/Rw==",
            "dependencies": {
                "co-body": "^6.0.0",
                "copy-to": "^2.0.1"
            },
            "engines": {
                "node": ">=8.0.0"
            }
        },
        "node_modules/koa-compose": {
            "version": "3.2.1",
            "resolved": "https://registry.npmjs.org/koa-compose/-/koa-compose-3.2.1.tgz",
            "integrity": "sha1-qFzLQLfZhtjlo0Wzoazo6rz1Tec=",
            "dependencies": {
                "any-promise": "^1.1.0"
            }
        },
        "node_modules/koa-convert": {
            "version": "1.2.0",
            "resolved": "https://registry.npmjs.org/koa-convert/-/koa-convert-1.2.0.tgz",
            "integrity": "sha1-2kCHXfSd4FOQmNFwC1CCDOvNIdA=",
            "dependencies": {
                "co": "^4.6.0",
                "koa-compose": "^3.0.0"
            },
            "engines": {
                "node": ">= 4"
            }
        },
        "node_modules/koa-is-json": {
            "version": "1.0.0",
            "resolved": "https://registry.npmjs.org/koa-is-json/-/koa-is-json-1.0.0.tgz",
            "integrity": "sha1-JzwH7c3Ljfaiwat9We52SRRR7BQ="
        },
        "node_modules/koa-router": {
            "version": "7.0.0",
            "resolved": "https://registry.npmjs.org/koa-router/-/koa-router-7.0.0.tgz",
            "integrity": "sha1-PdPzWPlILPgxhfBK96GNxyAPDqI=",
            "dependencies": {
                "debug": "^2.2.0",
                "http-errors": "^1.3.1",
                "koa-compose": "^3.0.0",
                "methods": "^1.0.1",
                "path-to-regexp": "^1.1.1"
            },
            "engines": {
                "node": ">= 4"
            }
        },
        "node_modules/koa-router/node_modules/debug": {
            "version": "2.6.9",
            "resolved": "https://registry.npmjs.org/debug/-/debug-2.6.9.tgz",
            "integrity": "sha512-bC7ElrdJaJnPbAP+1EotYvqZsb3ecl5wi6Bfi6BJTUcNowp6cvspg0jXznRTKDjm/E7AdgFBVeAPVMNcKGsHMA==",
            "dependencies": {
                "ms": "2.0.0"
            }
        },
        "node_modules/koa/node_modules/koa-compose": {
            "version": "4.1.0",
            "resolved": "https://registry.npmjs.org/koa-compose/-/koa-compose-4.1.0.tgz",
            "integrity": "sha512-8ODW8TrDuMYvXRwra/Kh7/rJo9BtOfPc6qO8eAfC80CnCvSjSl0bkRM24X6/XBBEyj0v1nRUQ1LyOy3dbqOWXw=="
        },
        "node_modules/media-typer": {
            "version": "0.3.0",
            "resolved": "https://registry.npmjs.org/media-typer/-/media-typer-0.3.0.tgz",
            "integrity": "sha1-hxDXrwqmJvj/+hzgAWhUUmMlV0g=",
            "engines": {
                "node": ">= 0.6"
            }
        },
        "node_modules/methods": {
            "version": "1.1.2",
            "resolved": "https://registry.npmjs.org/methods/-/methods-1.1.2.tgz",
            "integrity": "sha1-VSmk1nZUE07cxSZmVoNbD4Ua/O4=",
            "engines": {
                "node": ">= 0.6"
            }
        },
        "node_modules/mime-db": {
            "version": "1.36.0",
            "resolved": "https://registry.npmjs.org/mime-db/-/mime-db-1.36.0.tgz",
            "integrity": "sha512-L+xvyD9MkoYMXb1jAmzI/lWYAxAMCPvIBSWur0PZ5nOf5euahRLVqH//FKW9mWp2lkqUgYiXPgkzfMUFi4zVDw==",
            "engines": {
                "node": ">= 0.6"
            }
        },
        "node_modules/mime-types": {
            "version": "2.1.20",
            "resolved": "https://registry.npmjs.org/mime-types/-/mime-types-2.1.20.tgz",
            "integrity": "sha512-HrkrPaP9vGuWbLK1B1FfgAkbqNjIuy4eHlIYnFi7kamZyLLrGlo2mpcx0bBmNpKqBtYtAfGbodDddIgddSJC2A==",
            "dependencies": {
                "mime-db": "~1.36.0"
            },
            "engines": {
                "node": ">= 0.6"
            }
        },
        "node_modules/ms": {
            "version": "2.0.0",
            "resolved": "https://registry.npmjs.org/ms/-/ms-2.0.0.tgz",
            "integrity": "sha1-VgiurfwAvmwpAd9fmGF4jeDVl8g="
        },
        "node_modules/negotiator": {
            "version": "0.6.1",
            "resolved": "https://registry.npmjs.org/negotiator/-/negotiator-0.6.1.tgz",
            "integrity": "sha1-KzJxhOiZIQEXeyhWP7XnECrNDKk=",
            "engines": {
                "node": ">= 0.6"
            }
        },
        "node_modules/object-inspect": {
            "version": "1.12.2",
            "resolved": "https://registry.npmjs.org/object-inspect/-/object-inspect-1.12.2.tgz",
            "integrity": "sha512-z+cPxW0QGUp0mcqcsgQyLVRDoXFQbXOwBaqyF7VIgI4TWNQsDHrBpUQslRmIfAoYWdYzs6UlKJtB2XJpTaNSpQ==",
            "funding": {
                "url": "https://github.com/sponsors/ljharb"
            }
        },
        "node_modules/on-finished": {
            "version": "2.3.0",
            "resolved": "https://registry.npmjs.org/on-finished/-/on-finished-2.3.0.tgz",
            "integrity": "sha1-IPEzZIGwg811M3mSoWlxqi2QaUc=",
            "dependencies": {
                "ee-first": "1.1.1"
            },
            "engines": {
                "node": ">= 0.8"
            }
        },
        "node_modules/only": {
            "version": "0.0.2",
            "resolved": "https://registry.npmjs.org/only/-/only-0.0.2.tgz",
            "integrity": "sha1-Kv3oTQPlC5qO3EROMGEKcCle37Q="
        },
        "node_modules/parseurl": {
            "version": "1.3.2",
            "resolved": "https://registry.npmjs.org/parseurl/-/parseurl-1.3.2.tgz",
            "integrity": "sha1-/CidTtiZMRlGDBViUyYs3I3mW/M=",
            "engines": {
                "node": ">= 0.8"
            }
        },
        "node_modules/path-to-regexp": {
            "version": "1.7.0",
            "resolved": "https://registry.npmjs.org/path-to-regexp/-/path-to-regexp-1.7.0.tgz",
            "integrity": "sha1-Wf3g9DW62suhA6hOnTvGTpa5k30=",
            "dependencies": {
                "isarray": "0.0.1"
            }
        },
        "node_modules/qs": {
            "version": "6.11.0",
            "resolved": "https://registry.npmjs.org/qs/-/qs-6.11.0.tgz",
            "integrity": "sha512-MvjoMCJwEarSbUYk5O+nmoSzSutSsTwF85zcHPQ9OrlFoZOYIjaqBAJIqIXjptyD5vThxGq52Xu/MaJzRkIk4Q==",
            "dependencies": {
                "side-channel": "^1.0.4"
            },
            "engines": {
                "node": ">=0.6"
            },
            "funding": {
                "url": "https://github.com/sponsors/ljharb"
            }
        },
        "node_modules/raw-body": {
            "version": "2.5.1",
            "resolved": "https://registry.npmjs.org/raw-body/-/raw-body-2.5.1.tgz",
            "integrity": "sha512-qqJBtEyVgS0ZmPGdCFPWJ3FreoqvG4MVQln/kCgF7Olq95IbOp0/BWyMwbdtn4VTvkM8Y7khCQ2Xgk/tcrCXig==",
            "dependencies": {
                "bytes": "3.1.2",
                "http-errors": "2.0.0",
                "iconv-lite": "0.4.24",
                "unpipe": "1.0.0"
            },
            "engines": {
                "node": ">= 0.8"
            }
        },
        "node_modules/raw-body/node_modules/depd": {
            "version": "2.0.0",
            "resolved": "https://registry.npmjs.org/depd/-/depd-2.0.0.tgz",
            "integrity": "sha512-g7nH6P6dyDioJogAAGprGpCtVImJhpPk/roCzdb3fIh61/s/nPsfR6onyMwkCAR/OlC3yBC0lESvUoQEAssIrw==",
            "engines": {
                "node": ">= 0.8"
            }
        },
        "node_modules/raw-body/node_modules/http-errors": {
            "version": "2.0.0",
            "resolved": "https://registry.npmjs.org/http-errors/-/http-errors-2.0.0.tgz",
            "integrity": "sha512-FtwrG/euBzaEjYeRqOgly7G0qviiXoJWnvEH2Z1plBdXgbyjv34pHTSb9zoeHMyDy33+DWy5Wt9Wo+TURtOYSQ==",
            "dependencies": {
                "depd": "2.0.0",
                "inherits": "2.0.4",
                "setprototypeof": "1.2.0",
                "statuses": "2.0.1",
                "toidentifier": "1.0.1"
            },
            "engines": {
                "node": ">= 0.8"
            }
        },
        "node_modules/raw-body/node_modules/inherits": {
            "version": "2.0.4",
            "resolved": "https://registry.npmjs.org/inherits/-/inherits-2.0.4.tgz",
            "integrity": "sha512-k/vGaX4/Yla3WzyMCvTQOXYeIHvqOKtnqBduzTHpzpQZzAskKMhZ2K+EnBiSM9zGSoIFeMpXKxa4dYeZIQqewQ=="
        },
        "node_modules/raw-body/node_modules/setprototypeof": {
            "version": "1.2.0",
            "resolved": "https://registry.npmjs.org/setprototypeof/-/setprototypeof-1.2.0.tgz",
            "integrity": "sha512-E5LDX7Wrp85Kil5bhZv46j8jOeboKq5JMmYM3gVGdGH8xFpPWXUMsNrlODCrkoxMEeNi/XZIwuRvY4XNwYMJpw=="
        },
        "node_modules/raw-body/node_modules/statuses": {
            "version": "2.0.1",
            "resolved": "https://registry.npmjs.org/statuses/-/statuses-2.0.1.tgz",
            "integrity": "sha512-RwNA9Z/7PrK06rYLIzFMlaF+l73iwpzsqRIFgbMLbTcLD6cOao82TaWefPXQvB2fOC4AjuYSEndS7N/mTCbkdQ==",
            "engines": {
                "node": ">= 0.8"
            }
        },
        "node_modules/raw-body/node_modules/toidentifier": {
            "version": "1.0.1",
            "resolved": "https://registry.npmjs.org/toidentifier/-/toidentifier-1.0.1.tgz",
            "integrity": "sha512-o5sSPKEkg/DIQNmH43V0/uerLrpzVedkUh8tGNvaeXpfpuwjKenlSox/2O/BTlZUtEe+JG7s5YhEz608PlAHRA==",
            "engines": {
                "node": ">=0.6"
            }
        },
        "node_modules/safer-buffer": {
            "version": "2.1.2",
            "resolved": "https://registry.npmjs.org/safer-buffer/-/safer-buffer-2.1.2.tgz",
            "integrity": "sha512-YZo3K82SD7Riyi0E1EQPojLz7kpepnSQI9IyPbHHg1XXXevb5dJI7tpyN2ADxGcQbHG7vcyRHk0cbwqcQriUtg=="
        },
        "node_modules/setprototypeof": {
            "version": "1.1.0",
            "resolved": "https://registry.npmjs.org/setprototypeof/-/setprototypeof-1.1.0.tgz",
            "integrity": "sha512-BvE/TwpZX4FXExxOxZyRGQQv651MSwmWKZGqvmPcRIjDqWub67kTKuIMx43cZZrS/cBBzwBcNDWoFxt2XEFIpQ=="
        },
        "node_modules/side-channel": {
            "version": "1.0.4",
            "resolved": "https://registry.npmjs.org/side-channel/-/side-channel-1.0.4.tgz",
            "integrity": "sha512-q5XPytqFEIKHkGdiMIrY10mvLRvnQh42/+GoBlFW3b2LXLE2xxJpZFdm94we0BaoV3RwJyGqg5wS7epxTv0Zvw==",
            "dependencies": {
                "call-bind": "^1.0.0",
                "get-intrinsic": "^1.0.2",
                "object-inspect": "^1.9.0"
            },
            "funding": {
                "url": "https://github.com/sponsors/ljharb"
            }
        },
        "node_modules/statuses": {
            "version": "1.5.0",
            "resolved": "https://registry.npmjs.org/statuses/-/statuses-1.5.0.tgz",
            "integrity": "sha1-Fhx9rBd2Wf2YEfQ3cfqZOBR4Yow=",
            "engines": {
                "node": ">= 0.6"
            }
        },
        "node_modules/toidentifier": {
            "version": "1.0.0",
            "resolved": "https://registry.npmjs.org/toidentifier/-/toidentifier-1.0.0.tgz",
            "integrity": "sha512-yaOH/Pk/VEhBWWTlhI+qXxDFXlejDGcQipMlyxda9nthulaxLZUNcUqFxokp0vcYnvteJln5FNQDRrxj3YcbVw==",
            "engines": {
                "node": ">=0.6"
            }
        },
        "node_modules/type-is": {
            "version": "1.6.16",
            "resolved": "https://registry.npmjs.org/type-is/-/type-is-1.6.16.tgz",
            "integrity": "sha512-HRkVv/5qY2G6I8iab9cI7v1bOIdhm94dVjQCPFElW9W+3GeDOSHmy2EBYe4VTApuzolPcmgFTN3ftVJRKR2J9Q==",
            "dependencies": {
                "media-typer": "0.3.0",
                "mime-types": "~2.1.18"
            },
            "engines": {
                "node": ">= 0.6"
            }
        },
        "node_modules/unpipe": {
            "version": "1.0.0",
            "resolved": "https://registry.npmjs.org/unpipe/-/unpipe-1.0.0.tgz",
            "integrity": "sha512-pjy2bYhSsufwWlKwPc+l3cN7+wuJlK6uz0YdJEOlQDbl6jo/YlPi4mb8agUkVC8BF7V8NuzeyPNqRksA3hztKQ==",
            "engines": {
                "node": ">= 0.8"
            }
        },
        "node_modules/vary": {
            "version": "1.1.2",
            "resolved": "https://registry.npmjs.org/vary/-/vary-1.1.2.tgz",
            "integrity": "sha1-IpnwLG3tMNSllhsLn3RSShj2NPw=",
            "engines": {
                "node": ">= 0.8"
            }
        },
        "node_modules/ylru": {
            "version": "1.2.1",
            "resolved": "https://registry.npmjs.org/ylru/-/ylru-1.2.1.tgz",
            "integrity": "sha512-faQrqNMzcPCHGVC2aaOINk13K+aaBDUPjGWl0teOXywElLjyVAB6Oe2jj62jHYtwsU49jXhScYbvPENK+6zAvQ==",
            "engines": {
                "node": ">= 4.0.0"
            }
        }
    },
    "dependencies": {
        "accepts": {
            "version": "1.3.5",
            "resolved": "https://registry.npmjs.org/accepts/-/accepts-1.3.5.tgz",
            "integrity": "sha1-63d99gEXI6OxTopywIBcjoZ0a9I=",
            "requires": {
                "mime-types": "~2.1.18",
                "negotiator": "0.6.1"
            }
        },
        "any-promise": {
            "version": "1.3.0",
            "resolved": "https://registry.npmjs.org/any-promise/-/any-promise-1.3.0.tgz",
            "integrity": "sha1-q8av7tzqUugJzcA3au0845Y10X8="
        },
        "bytes": {
            "version": "3.1.2",
            "resolved": "https://registry.npmjs.org/bytes/-/bytes-3.1.2.tgz",
            "integrity": "sha512-/Nf7TyzTx6S3yRJObOAV7956r8cr2+Oj8AC5dt8wSP3BQAoeX58NoHyCU8P8zGkNXStjTSi6fzO6F0pBdcYbEg=="
        },
        "cache-content-type": {
            "version": "1.0.1",
            "resolved": "https://registry.npmjs.org/cache-content-type/-/cache-content-type-1.0.1.tgz",
            "integrity": "sha512-IKufZ1o4Ut42YUrZSo8+qnMTrFuKkvyoLXUywKz9GJ5BrhOFGhLdkx9sG4KAnVvbY6kEcSFjLQul+DVmBm2bgA==",
            "requires": {
                "mime-types": "^2.1.18",
                "ylru": "^1.2.0"
            }
        },
        "call-bind": {
            "version": "1.0.2",
            "resolved": "https://registry.npmjs.org/call-bind/-/call-bind-1.0.2.tgz",
            "integrity": "sha512-7O+FbCihrB5WGbFYesctwmTKae6rOiIzmz1icreWJ+0aA7LJfuqhEso2T9ncpcFtzMQtzXf2QGGueWJGTYsqrA==",
            "requires": {
                "function-bind": "^1.1.1",
                "get-intrinsic": "^1.0.2"
            }
        },
        "co": {
            "version": "4.6.0",
            "resolved": "https://registry.npmjs.org/co/-/co-4.6.0.tgz",
            "integrity": "sha1-bqa989hTrlTMuOR7+gvz+QMfsYQ="
        },
        "co-body": {
            "version": "6.1.0",
            "resolved": "https://registry.npmjs.org/co-body/-/co-body-6.1.0.tgz",
            "integrity": "sha512-m7pOT6CdLN7FuXUcpuz/8lfQ/L77x8SchHCF4G0RBTJO20Wzmhn5Sp4/5WsKy8OSpifBSUrmg83qEqaDHdyFuQ==",
            "requires": {
                "inflation": "^2.0.0",
                "qs": "^6.5.2",
                "raw-body": "^2.3.3",
                "type-is": "^1.6.16"
            }
        },
        "content-disposition": {
            "version": "0.5.2",
            "resolved": "https://registry.npmjs.org/content-disposition/-/content-disposition-0.5.2.tgz",
            "integrity": "sha1-DPaLud318r55YcOoUXjLhdunjLQ="
        },
        "content-type": {
            "version": "1.0.4",
            "resolved": "https://registry.npmjs.org/content-type/-/content-type-1.0.4.tgz",
            "integrity": "sha512-hIP3EEPs8tB9AT1L+NUqtwOAps4mk2Zob89MWXMHjHWg9milF/j4osnnQLXBCBFBk/tvIG/tUc9mOUJiPBhPXA=="
        },
        "cookies": {
            "version": "0.7.1",
            "resolved": "https://registry.npmjs.org/cookies/-/cookies-0.7.1.tgz",
            "integrity": "sha1-fIphX1SBxhq58WyDNzG8uPZjuZs=",
            "requires": {
                "depd": "~1.1.1",
                "keygrip": "~1.0.2"
            }
        },
        "copy-to": {
            "version": "2.0.1",
            "resolved": "https://registry.npmjs.org/copy-to/-/copy-to-2.0.1.tgz",
            "integrity": "sha512-3DdaFaU/Zf1AnpLiFDeNCD4TOWe3Zl2RZaTzUvWiIk5ERzcCodOE20Vqq4fzCbNoHURFHT4/us/Lfq+S2zyY4w=="
        },
        "debug": {
            "version": "3.1.0",
            "resolved": "https://registry.npmjs.org/debug/-/debug-3.1.0.tgz",
            "integrity": "sha512-OX8XqP7/1a9cqkxYw2yXss15f26NKWBpDXQd0/uK/KPqdQhxbPa994hnzjcE2VqQpDslf55723cKPUOGSmMY3g==",
            "requires": {
                "ms": "2.0.0"
            }
        },
        "deep-equal": {
            "version": "1.0.1",
            "resolved": "https://registry.npmjs.org/deep-equal/-/deep-equal-1.0.1.tgz",
            "integrity": "sha1-9dJgKStmDghO/0zbyfCK0yR0SLU="
        },
        "delegates": {
            "version": "1.0.0",
            "resolved": "https://registry.npmjs.org/delegates/-/delegates-1.0.0.tgz",
            "integrity": "sha1-hMbhWbgZBP3KWaDvRM2HDTElD5o="
        },
        "depd": {
            "version": "1.1.2",
            "resolved": "https://registry.npmjs.org/depd/-/depd-1.1.2.tgz",
            "integrity": "sha1-m81S4UwJd2PnSbJ0xDRu0uVgtak="
        },
        "destroy": {
            "version": "1.0.4",
            "resolved": "https://registry.npmjs.org/destroy/-/destroy-1.0.4.tgz",
            "integrity": "sha1-l4hXRCxEdJ5CBmE+N5RiBYJqvYA="
        },
        "ee-first": {
            "version": "1.1.1",
            "resolved": "https://registry.npmjs.org/ee-first/-/ee-first-1.1.1.tgz",
            "integrity": "sha1-WQxhFWsK4vTwJVcyoViyZrxWsh0="
        },
        "error-inject": {
            "version": "1.0.0",
            "resolved": "https://registry.npmjs.org/error-inject/-/error-inject-1.0.0.tgz",
            "integrity": "sha1-4rPZG1Su1nLzCdlQ0VSFD6EdTzc="
        },
        "escape-html": {
            "version": "1.0.3",
            "resolved": "https://registry.npmjs.org/escape-html/-/escape-html-1.0.3.tgz",
            "integrity": "sha1-Aljq5NPQwJdN4cFpGI7wBR0dGYg="
        },
        "fresh": {
            "version": "0.5.2",
            "resolved": "https://registry.npmjs.org/fresh/-/fresh-0.5.2.tgz",
            "integrity": "sha1-PYyt2Q2XZWn6g1qx+OSyOhBWBac="
        },
        "function-bind": {
            "version": "1.1.1",
            "resolved": "https://registry.npmjs.org/function-bind/-/function-bind-1.1.1.tgz",
            "integrity": "sha512-yIovAzMX49sF8Yl58fSCWJ5svSLuaibPxXQJFLmBObTuCr0Mf1KiPopGM9NiFjiYBCbfaa2Fh6breQ6ANVTI0A=="
        },
        "get-intrinsic": {
            "version": "1.1.3",
            "resolved": "https://registry.npmjs.org/get-intrinsic/-/get-intrinsic-1.1.3.tgz",
            "integrity": "sha512-QJVz1Tj7MS099PevUG5jvnt9tSkXN8K14dxQlikJuPt4uD9hHAHjLyLBiLR5zELelBdD9QNRAXZzsJx0WaDL9A==",
            "requires": {
                "function-bind": "^1.1.1",
                "has": "^1.0.3",
                "has-symbols": "^1.0.3"
            }
        },
        "has": {
            "version": "1.0.3",
            "resolved": "https://registry.npmjs.org/has/-/has-1.0.3.tgz",
            "integrity": "sha512-f2dvO0VU6Oej7RkWJGrehjbzMAjFp5/VKPp5tTpWIV4JHHZK1/BxbFRtf/siA2SWTe09caDmVtYYzWEIbBS4zw==",
            "requires": {
                "function-bind": "^1.1.1"
            }
        },
        "has-symbols": {
            "version": "1.0.3",
            "resolved": "https://registry.npmjs.org/has-symbols/-/has-symbols-1.0.3.tgz",
            "integrity": "sha512-l3LCuF6MgDNwTDKkdYGEihYjt5pRPbEg46rtlmnSPlUbgmB8LOIrKJbYYFBSbnPaJexMKtiPO8hmeRjRz2Td+A=="
        },
        "http-assert": {
            "version": "1.3.0",
            "resolved": "https://registry.npmjs.org/http-assert/-/http-assert-1.3.0.tgz",
            "integrity": "sha1-oxpc+IyHPsu1eWkH1NbxMujAHko=",
            "requires": {
                "deep-equal": "~1.0.1",
                "http-errors": "~1.6.1"
            },
            "dependencies": {
                "http-errors": {
                    "version": "1.6.3",
                    "resolved": "https://registry.npmjs.org/http-errors/-/http-errors-1.6.3.tgz",
                    "integrity": "sha1-i1VoC7S+KDoLW/TqLjhYC+HZMg0=",
                    "requires": {
                        "depd": "~1.1.2",
                        "inherits": "2.0.3",
                        "setprototypeof": "1.1.0",
                        "statuses": ">= 1.4.0 < 2"
                    }
                }
            }
        },
        "http-errors": {
            "version": "1.7.0",
            "resolved": "https://registry.npmjs.org/http-errors/-/http-errors-1.7.0.tgz",
            "integrity": "sha512-hz3BtSHB7Z6dNWzYc+gUbWqG4dIpJedwwOhe1cvGUq5tGmcTTIRkPiAbyh/JlZx+ksSJyGJlgcHo5jGahiXnKw==",
            "requires": {
                "depd": "~1.1.2",
                "inherits": "2.0.3",
                "setprototypeof": "1.1.0",
                "statuses": ">= 1.5.0 < 2",
                "toidentifier": "1.0.0"
            }
        },
        "iconv-lite": {
            "version": "0.4.24",
            "resolved": "https://registry.npmjs.org/iconv-lite/-/iconv-lite-0.4.24.tgz",
            "integrity": "sha512-v3MXnZAcvnywkTUEZomIActle7RXXeedOR31wwl7VlyoXO4Qi9arvSenNQWne1TcRwhCL1HwLI21bEqdpj8/rA==",
            "requires": {
                "safer-buffer": ">= 2.1.2 < 3"
            }
        },
        "inflation": {
            "version": "2.0.0",
            "resolved": "https://registry.npmjs.org/inflation/-/inflation-2.0.0.tgz",
            "integrity": "sha512-m3xv4hJYR2oXw4o4Y5l6P5P16WYmazYof+el6Al3f+YlggGj6qT9kImBAnzDelRALnP5d3h4jGBPKzYCizjZZw=="
        },
        "inherits": {
            "version": "2.0.3",
            "resolved": "https://registry.npmjs.org/inherits/-/inherits-2.0.3.tgz",
            "integrity": "sha1-Yzwsg+PaQqUC9SRmAiSA9CCCYd4="
        },
        "is-generator-function": {
            "version": "1.0.7",
            "resolved": "https://registry.npmjs.org/is-generator-function/-/is-generator-function-1.0.7.tgz",
            "integrity": "sha512-YZc5EwyO4f2kWCax7oegfuSr9mFz1ZvieNYBEjmukLxgXfBUbxAWGVF7GZf0zidYtoBl3WvC07YK0wT76a+Rtw=="
        },
        "isarray": {
            "version": "0.0.1",
            "resolved": "https://registry.npmjs.org/isarray/-/isarray-0.0.1.tgz",
            "integrity": "sha1-ihis/Kmo9Bd+Cav8YDiTmwXR7t8="
        },
        "keygrip": {
            "version": "1.0.2",
            "resolved": "https://registry.npmjs.org/keygrip/-/keygrip-1.0.2.tgz",
            "integrity": "sha1-rTKXxVcGneqLz+ek+kkbdcXd65E="
        },
        "koa": {
            "version": "2.5.2",
            "resolved": "https://registry.npmjs.org/koa/-/koa-2.5.2.tgz",
            "integrity": "sha512-MoVGWre9g3p35pCqXNhOT/a4trwK5CGvalIoPi7qOA2RCZaep3GCsa/G/tD9QMjQI7bmVWn3XF3SOau8RkPh6w==",
            "requires": {
                "accepts": "^1.3.5",
                "cache-content-type": "^1.0.0",
                "content-disposition": "~0.5.2",
                "content-type": "^1.0.4",
                "cookies": "~0.7.1",
                "debug": "^3.1.0",
                "delegates": "^1.0.0",
                "depd": "^1.1.2",
                "destroy": "^1.0.4",
                "error-inject": "^1.0.0",
                "escape-html": "^1.0.3",
                "fresh": "~0.5.2",
                "http-assert": "^1.3.0",
                "http-errors": "^1.6.3",
                "is-generator-function": "^1.0.7",
                "koa-compose": "^4.1.0",
                "koa-convert": "^1.2.0",
                "koa-is-json": "^1.0.0",
                "on-finished": "^2.3.0",
                "only": "~0.0.2",
                "parseurl": "^1.3.2",
                "statuses": "^1.5.0",
                "type-is": "^1.6.16",
                "vary": "^1.1.2"
            },
            "dependencies": {
                "koa-compose": {
                    "version": "4.1.0",
                    "resolved": "https://registry.npmjs.org/koa-compose/-/koa-compose-4.1.0.tgz",
                    "integrity": "sha512-8ODW8TrDuMYvXRwra/Kh7/rJo9BtOfPc6qO8eAfC80CnCvSjSl0bkRM24X6/XBBEyj0v1nRUQ1LyOy3dbqOWXw=="
                }
            }
        },
        "koa-bodyparser": {
            "version": "4.3.0",
            "resolved": "https://registry.npmjs.org/koa-bodyparser/-/koa-bodyparser-4.3.0.tgz",
            "integrity": "sha512-uyV8G29KAGwZc4q/0WUAjH+Tsmuv9ImfBUF2oZVyZtaeo0husInagyn/JH85xMSxM0hEk/mbCII5ubLDuqW/Rw==",
            "requires": {
                "co-body": "^6.0.0",
                "copy-to": "^2.0.1"
            }
        },
        "koa-compose": {
            "version": "3.2.1",
            "resolved": "https://registry.npmjs.org/koa-compose/-/koa-compose-3.2.1.tgz",
            "integrity": "sha1-qFzLQLfZhtjlo0Wzoazo6rz1Tec=",
            "requires": {
                "any-promise": "^1.1.0"
            }
        },
        "koa-convert": {
            "version": "1.2.0",
            "resolved": "https://registry.npmjs.org/koa-convert/-/koa-convert-1.2.0.tgz",
            "integrity": "sha1-2kCHXfSd4FOQmNFwC1CCDOvNIdA=",
            "requires": {
                "co": "^4.6.0",
                "koa-compose": "^3.0.0"
            }
        },
        "koa-is-json": {
            "version": "1.0.0",
            "resolved": "https://registry.npmjs.org/koa-is-json/-/koa-is-json-1.0.0.tgz",
            "integrity": "sha1-JzwH7c3Ljfaiwat9We52SRRR7BQ="
        },
        "koa-router": {
            "version": "7.0.0",
            "resolved": "https://registry.npmjs.org/koa-router/-/koa-router-7.0.0.tgz",
            "integrity": "sha1-PdPzWPlILPgxhfBK96GNxyAPDqI=",
            "requires": {
                "debug": "^2.2.0",
                "http-errors": "^1.3.1",
                "koa-compose": "^3.0.0",
                "methods": "^1.0.1",
                "path-to-regexp": "^1.1.1"
            },
            "dependencies": {
                "debug": {
                    "version": "2.6.9",
                    "resolved": "https://registry.npmjs.org/debug/-/debug-2.6.9.tgz",
                    "integrity": "sha512-bC7ElrdJaJnPbAP+1EotYvqZsb3ecl5wi6Bfi6BJTUcNowp6cvspg0jXznRTKDjm/E7AdgFBVeAPVMNcKGsHMA==",
                    "requires": {
                        "ms": "2.0.0"
                    }
                }
            }
        },
        "media-typer": {
            "version": "0.3.0",
            "resolved": "https://registry.npmjs.org/media-typer/-/media-typer-0.3.0.tgz",
            "integrity": "sha1-hxDXrwqmJvj/+hzgAWhUUmMlV0g="
        },
        "methods": {
            "version": "1.1.2",
            "resolved": "https://registry.npmjs.org/methods/-/methods-1.1.2.tgz",
            "integrity": "sha1-VSmk1nZUE07cxSZmVoNbD4Ua/O4="
        },
        "mime-db": {
            "version": "1.36.0",
            "resolved": "https://registry.npmjs.org/mime-db/-/mime-db-1.36.0.tgz",
            "integrity": "sha512-L+xvyD9MkoYMXb1jAmzI/lWYAxAMCPvIBSWur0PZ5nOf5euahRLVqH//FKW9mWp2lkqUgYiXPgkzfMUFi4zVDw=="
        },
        "mime-types": {
            "version": "2.1.20",
            "resolved": "https://registry.npmjs.org/mime-types/-/mime-types-2.1.20.tgz",
            "integrity": "sha512-HrkrPaP9vGuWbLK1B1FfgAkbqNjIuy4eHlIYnFi7kamZyLLrGlo2mpcx0bBmNpKqBtYtAfGbodDddIgddSJC2A==",
            "requires": {
                "mime-db": "~1.36.0"
            }
        },
        "ms": {
            "version": "2.0.0",
            "resolved": "https://registry.npmjs.org/ms/-/ms-2.0.0.tgz",
            "integrity": "sha1-VgiurfwAvmwpAd9fmGF4jeDVl8g="
        },
        "negotiator": {
            "version": "0.6.1",
            "resolved": "https://registry.npmjs.org/negotiator/-/negotiator-0.6.1.tgz",
            "integrity": "sha1-KzJxhOiZIQEXeyhWP7XnECrNDKk="
        },
        "object-inspect": {
            "version": "1.12.2",
            "resolved": "https://registry.npmjs.org/object-inspect/-/object-inspect-1.12.2.tgz",
            "integrity": "sha512-z+cPxW0QGUp0mcqcsgQyLVRDoXFQbXOwBaqyF7VIgI4TWNQsDHrBpUQslRmIfAoYWdYzs6UlKJtB2XJpTaNSpQ=="
        },
        "on-finished": {
            "version": "2.3.0",
            "resolved": "https://registry.npmjs.org/on-finished/-/on-finished-2.3.0.tgz",
            "integrity": "sha1-IPEzZIGwg811M3mSoWlxqi2QaUc=",
            "requires": {
                "ee-first": "1.1.1"
            }
        },
        "only": {
            "version": "0.0.2",
            "resolved": "https://registry.npmjs.org/only/-/only-0.0.2.tgz",
            "integrity": "sha1-Kv3oTQPlC5qO3EROMGEKcCle37Q="
        },
        "parseurl": {
            "version": "1.3.2",
            "resolved": "https://registry.npmjs.org/parseurl/-/parseurl-1.3.2.tgz",
            "integrity": "sha1-/CidTtiZMRlGDBViUyYs3I3mW/M="
        },
        "path-to-regexp": {
            "version": "1.7.0",
            "resolved": "https://registry.npmjs.org/path-to-regexp/-/path-to-regexp-1.7.0.tgz",
            "integrity": "sha1-Wf3g9DW62suhA6hOnTvGTpa5k30=",
            "requires": {
                "isarray": "0.0.1"
            }
        },
        "qs": {
            "version": "6.11.0",
            "resolved": "https://registry.npmjs.org/qs/-/qs-6.11.0.tgz",
            "integrity": "sha512-MvjoMCJwEarSbUYk5O+nmoSzSutSsTwF85zcHPQ9OrlFoZOYIjaqBAJIqIXjptyD5vThxGq52Xu/MaJzRkIk4Q==",
            "requires": {
                "side-channel": "^1.0.4"
            }
        },
        "raw-body": {
            "version": "2.5.1",
            "resolved": "https://registry.npmjs.org/raw-body/-/raw-body-2.5.1.tgz",
            "integrity": "sha512-qqJBtEyVgS0ZmPGdCFPWJ3FreoqvG4MVQln/kCgF7Olq95IbOp0/BWyMwbdtn4VTvkM8Y7khCQ2Xgk/tcrCXig==",
            "requires": {
                "bytes": "3.1.2",
                "http-errors": "2.0.0",
                "iconv-lite": "0.4.24",
                "unpipe": "1.0.0"
            },
            "dependencies": {
                "depd": {
                    "version": "2.0.0",
                    "resolved": "https://registry.npmjs.org/depd/-/depd-2.0.0.tgz",
                    "integrity": "sha512-g7nH6P6dyDioJogAAGprGpCtVImJhpPk/roCzdb3fIh61/s/nPsfR6onyMwkCAR/OlC3yBC0lESvUoQEAssIrw=="
                },
                "http-errors": {
                    "version": "2.0.0",
                    "resolved": "https://registry.npmjs.org/http-errors/-/http-errors-2.0.0.tgz",
                    "integrity": "sha512-FtwrG/euBzaEjYeRqOgly7G0qviiXoJWnvEH2Z1plBdXgbyjv34pHTSb9zoeHMyDy33+DWy5Wt9Wo+TURtOYSQ==",
                    "requires": {
                        "depd": "2.0.0",
                        "inherits": "2.0.4",
                        "setprototypeof": "1.2.0",
                        "statuses": "2.0.1",
                        "toidentifier": "1.0.1"
                    }
                },
                "inherits": {
                    "version": "2.0.4",
                    "resolved": "https://registry.npmjs.org/inherits/-/inherits-2.0.4.tgz",
                    "integrity": "sha512-k/vGaX4/Yla3WzyMCvTQOXYeIHvqOKtnqBduzTHpzpQZzAskKMhZ2K+EnBiSM9zGSoIFeMpXKxa4dYeZIQqewQ=="
                },
                "setprototypeof": {
                    "version": "1.2.0",
                    "resolved": "https://registry.npmjs.org/setprototypeof/-/setprototypeof-1.2.0.tgz",
                    "integrity": "sha512-E5LDX7Wrp85Kil5bhZv46j8jOeboKq5JMmYM3gVGdGH8xFpPWXUMsNrlODCrkoxMEeNi/XZIwuRvY4XNwYMJpw=="
                },
                "statuses": {
                    "version": "2.0.1",
                    "resolved": "https://registry.npmjs.org/statuses/-/statuses-2.0.1.tgz",
                    "integrity": "sha512-RwNA9Z/7PrK06rYLIzFMlaF+l73iwpzsqRIFgbMLbTcLD6cOao82TaWefPXQvB2fOC4AjuYSEndS7N/mTCbkdQ=="
                },
                "toidentifier": {
                    "version": "1.0.1",
                    "resolved": "https://registry.npmjs.org/toidentifier/-/toidentifier-1.0.1.tgz",
                    "integrity": "sha512-o5sSPKEkg/DIQNmH43V0/uerLrpzVedkUh8tGNvaeXpfpuwjKenlSox/2O/BTlZUtEe+JG7s5YhEz608PlAHRA=="
                }
            }
        },
        "safer-buffer": {
            "version": "2.1.2",
            "resolved": "https://registry.npmjs.org/safer-buffer/-/safer-buffer-2.1.2.tgz",
            "integrity": "sha512-YZo3K82SD7Riyi0E1EQPojLz7kpepnSQI9IyPbHHg1XXXevb5dJI7tpyN2ADxGcQbHG7vcyRHk0cbwqcQriUtg=="
        },
        "setprototypeof": {
            "version": "1.1.0",
            "resolved": "https://registry.npmjs.org/setprototypeof/-/setprototypeof-1.1.0.tgz",
            "integrity": "sha512-BvE/TwpZX4FXExxOxZyRGQQv651MSwmWKZGqvmPcRIjDqWub67kTKuIMx43cZZrS/cBBzwBcNDWoFxt2XEFIpQ=="
        },
        "side-channel": {
            "version": "1.0.4",
            "resolved": "https://registry.npmjs.org/side-channel/-/side-channel-1.0.4.tgz",
            "integrity": "sha512-q5XPytqFEIKHkGdiMIrY10mvLRvnQh42/+GoBlFW3b2LXLE2xxJpZFdm94we0BaoV3RwJyGqg5wS7epxTv0Zvw==",
            "requires": {
                "call-bind": "^1.0.0",
                "get-intrinsic": "^1.0.2",
                "object-inspect": "^1.9.0"
            }
        },
        "statuses": {
            "version": "1.5.0",
            "resolved": "https://registry.npmjs.org/statuses/-/statuses-1.5.0.tgz",
            "integrity": "sha1-Fhx9rBd2Wf2YEfQ3cfqZOBR4Yow="
        },
        "toidentifier": {
            "version": "1.0.0",
            "resolved": "https://registry.npmjs.org/toidentifier/-/toidentifier-1.0.0.tgz",
            "integrity": "sha512-yaOH/Pk/VEhBWWTlhI+qXxDFXlejDGcQipMlyxda9nthulaxLZUNcUqFxokp0vcYnvteJln5FNQDRrxj3YcbVw=="
        },
        "type-is": {
            "version": "1.6.16",
            "resolved": "https://registry.npmjs.org/type-is/-/type-is-1.6.16.tgz",
            "integrity": "sha512-HRkVv/5qY2G6I8iab9cI7v1bOIdhm94dVjQCPFElW9W+3GeDOSHmy2EBYe4VTApuzolPcmgFTN3ftVJRKR2J9Q==",
            "requires": {
                "media-typer": "0.3.0",
                "mime-types": "~2.1.18"
            }
        },
        "unpipe": {
            "version": "1.0.0",
            "resolved": "https://registry.npmjs.org/unpipe/-/unpipe-1.0.0.tgz",
            "integrity": "sha512-pjy2bYhSsufwWlKwPc+l3cN7+wuJlK6uz0YdJEOlQDbl6jo/YlPi4mb8agUkVC8BF7V8NuzeyPNqRksA3hztKQ=="
        },
        "vary": {
            "version": "1.1.2",
            "resolved": "https://registry.npmjs.org/vary/-/vary-1.1.2.tgz",
            "integrity": "sha1-IpnwLG3tMNSllhsLn3RSShj2NPw="
        },
        "ylru": {
            "version": "1.2.1",
            "resolved": "https://registry.npmjs.org/ylru/-/ylru-1.2.1.tgz",
            "integrity": "sha512-faQrqNMzcPCHGVC2aaOINk13K+aaBDUPjGWl0teOXywElLjyVAB6Oe2jj62jHYtwsU49jXhScYbvPENK+6zAvQ=="
        }
    }
}
